// !$*UTF8*$!
{
	archiveVersion = 1;
	classes = {
	};
	objectVersion = 50;
	objects = {

/* Begin PBXBuildFile section */
		23DDD63021F815D90029FC40 /* AppDelegate.swift in Sources */ = {isa = PBXBuildFile; fileRef = 23DDD62F21F815D90029FC40 /* AppDelegate.swift */; };
		23DDD63221F815D90029FC40 /* ViewController.swift in Sources */ = {isa = PBXBuildFile; fileRef = 23DDD63121F815D90029FC40 /* ViewController.swift */; };
		23DDD63521F815D90029FC40 /* Main.storyboard in Resources */ = {isa = PBXBuildFile; fileRef = 23DDD63321F815D90029FC40 /* Main.storyboard */; };
		23DDD63721F815DA0029FC40 /* Assets.xcassets in Resources */ = {isa = PBXBuildFile; fileRef = 23DDD63621F815DA0029FC40 /* Assets.xcassets */; };
		23DDD63A21F815DA0029FC40 /* LaunchScreen.storyboard in Resources */ = {isa = PBXBuildFile; fileRef = 23DDD63821F815DA0029FC40 /* LaunchScreen.storyboard */; };
		23DDD64521F8165D0029FC40 /* CollectionViewCell.swift in Sources */ = {isa = PBXBuildFile; fileRef = 23DDD64321F8165D0029FC40 /* CollectionViewCell.swift */; };
		23DDD64621F8165D0029FC40 /* CollectionViewCell.xib in Resources */ = {isa = PBXBuildFile; fileRef = 23DDD64421F8165D0029FC40 /* CollectionViewCell.xib */; };
/* End PBXBuildFile section */

/* Begin PBXFileReference section */
		23DDD62C21F815D90029FC40 /* CollectionView1.app */ = {isa = PBXFileReference; explicitFileType = wrapper.application; includeInIndex = 0; path = CollectionView1.app; sourceTree = BUILT_PRODUCTS_DIR; };
		23DDD62F21F815D90029FC40 /* AppDelegate.swift */ = {isa = PBXFileReference; lastKnownFileType = sourcecode.swift; path = AppDelegate.swift; sourceTree = "<group>"; };
		23DDD63121F815D90029FC40 /* ViewController.swift */ = {isa = PBXFileReference; lastKnownFileType = sourcecode.swift; path = ViewController.swift; sourceTree = "<group>"; };
		23DDD63421F815D90029FC40 /* Base */ = {isa = PBXFileReference; lastKnownFileType = file.storyboard; name = Base; path = Base.lproj/Main.storyboard; sourceTree = "<group>"; };
		23DDD63621F815DA0029FC40 /* Assets.xcassets */ = {isa = PBXFileReference; lastKnownFileType = folder.assetcatalog; path = Assets.xcassets; sourceTree = "<group>"; };
		23DDD63921F815DA0029FC40 /* Base */ = {isa = PBXFileReference; lastKnownFileType = file.storyboard; name = Base; path = Base.lproj/LaunchScreen.storyboard; sourceTree = "<group>"; };
		23DDD63B21F815DA0029FC40 /* Info.plist */ = {isa = PBXFileReference; lastKnownFileType = text.plist.xml; path = Info.plist; sourceTree = "<group>"; };
		23DDD64321F8165D0029FC40 /* CollectionViewCell.swift */ = {isa = PBXFileReference; lastKnownFileType = sourcecode.swift; path = CollectionViewCell.swift; sourceTree = "<group>"; };
		23DDD64421F8165D0029FC40 /* CollectionViewCell.xib */ = {isa = PBXFileReference; lastKnownFileType = file.xib; path = CollectionViewCell.xib; sourceTree = "<group>"; };
/* End PBXFileReference section */

/* Begin PBXFrameworksBuildPhase section */
		23DDD62921F815D90029FC40 /* Frameworks */ = {
			isa = PBXFrameworksBuildPhase;
			buildActionMask = 2147483647;
			files = (
			);
			runOnlyForDeploymentPostprocessing = 0;
		};
/* End PBXFrameworksBuildPhase section */

/* Begin PBXGroup section */
		23DDD62321F815D90029FC40 = {
			isa = PBXGroup;
			children = (
				23DDD62E21F815D90029FC40 /* CollectionView1 */,
				23DDD62D21F815D90029FC40 /* Products */,
			);
			sourceTree = "<group>";
		};
		23DDD62D21F815D90029FC40 /* Products */ = {
			isa = PBXGroup;
			children = (
				23DDD62C21F815D90029FC40 /* CollectionView1.app */,
			);
			name = Products;
			sourceTree = "<group>";
		};
		23DDD62E21F815D90029FC40 /* CollectionView1 */ = {
			isa = PBXGroup;
			children = (
				23DDD63B21F815DA0029FC40 /* Info.plist */,
				23DDD64221F815E80029FC40 /* View */,
				23DDD64121F815E20029FC40 /* Controller */,
			);
			path = CollectionView1;
			sourceTree = "<group>";
		};
		23DDD64121F815E20029FC40 /* Controller */ = {
			isa = PBXGroup;
			children = (
				23DDD62F21F815D90029FC40 /* AppDelegate.swift */,
				23DDD63121F815D90029FC40 /* ViewController.swift */,
				23DDD64321F8165D0029FC40 /* CollectionViewCell.swift */,
				23DDD64421F8165D0029FC40 /* CollectionViewCell.xib */,
			);
			path = Controller;
			sourceTree = "<group>";
		};
		23DDD64221F815E80029FC40 /* View */ = {
			isa = PBXGroup;
			children = (
				23DDD63321F815D90029FC40 /* Main.storyboard */,
				23DDD63621F815DA0029FC40 /* Assets.xcassets */,
				23DDD63821F815DA0029FC40 /* LaunchScreen.storyboard */,
			);
			path = View;
			sourceTree = "<group>";
		};
/* End PBXGroup section */

/* Begin PBXNativeTarget section */
		23DDD62B21F815D90029FC40 /* CollectionView1 */ = {
			isa = PBXNativeTarget;
			buildConfigurationList = 23DDD63E21F815DA0029FC40 /* Build configuration list for PBXNativeTarget "CollectionView1" */;
			buildPhases = (
				23DDD62821F815D90029FC40 /* Sources */,
				23DDD62921F815D90029FC40 /* Frameworks */,
				23DDD62A21F815D90029FC40 /* Resources */,
			);
			buildRules = (
			);
			dependencies = (
			);
			name = CollectionView1;
			productName = CollectionView1;
			productReference = 23DDD62C21F815D90029FC40 /* CollectionView1.app */;
			productType = "com.apple.product-type.application";
		};
/* End PBXNativeTarget section */

/* Begin PBXProject section */
		23DDD62421F815D90029FC40 /* Project object */ = {
			isa = PBXProject;
			attributes = {
				LastSwiftUpdateCheck = 1010;
				LastUpgradeCheck = 1010;
				ORGANIZATIONNAME = Jake;
				TargetAttributes = {
					23DDD62B21F815D90029FC40 = {
						CreatedOnToolsVersion = 10.1;
					};
				};
			};
			buildConfigurationList = 23DDD62721F815D90029FC40 /* Build configuration list for PBXProject "CollectionView1" */;
			compatibilityVersion = "Xcode 9.3";
			developmentRegion = en;
			hasScannedForEncodings = 0;
			knownRegions = (
				en,
				Base,
			);
			mainGroup = 23DDD62321F815D90029FC40;
			productRefGroup = 23DDD62D21F815D90029FC40 /* Products */;
			projectDirPath = "";
			projectRoot = "";
			targets = (
				23DDD62B21F815D90029FC40 /* CollectionView1 */,
			);
		};
/* End PBXProject section */

/* Begin PBXResourcesBuildPhase section */
		23DDD62A21F815D90029FC40 /* Resources */ = {
			isa = PBXResourcesBuildPhase;
			buildActionMask = 2147483647;
			files = (
				23DDD63A21F815DA0029FC40 /* LaunchScreen.storyboard in Resources */,
				23DDD63721F815DA0029FC40 /* Assets.xcassets in Resources */,
				23DDD64621F8165D0029FC40 /* CollectionViewCell.xib in Resources */,
				23DDD63521F815D90029FC40 /* Main.storyboard in Resources */,
			);
			runOnlyForDeploymentPostprocessing = 0;
		};
/* End PBXResourcesBuildPhase section */

/* Begin PBXSourcesBuildPhase section */
		23DDD62821F815D90029FC40 /* Sources */ = {
			isa = PBXSourcesBuildPhase;
			buildActionMask = 2147483647;
			files = (
				23DDD63221F815D90029FC40 /* ViewController.swift in Sources */,
				23DDD63021F815D90029FC40 /* AppDelegate.swift in Sources */,
				23DDD64521F8165D0029FC40 /* CollectionViewCell.swift in Sources */,
			);
			runOnlyForDeploymentPostprocessing = 0;
		};
/* End PBXSourcesBuildPhase section */

/* Begin PBXVariantGroup section */
		23DDD63321F815D90029FC40 /* Main.storyboard */ = {
			isa = PBXVariantGroup;
			children = (
				23DDD63421F815D90029FC40 /* Base */,
			);
			name = Main.storyboard;
			sourceTree = "<group>";
		};
		23DDD63821F815DA0029FC40 /* LaunchScreen.storyboard */ = {
			isa = PBXVariantGroup;
			children = (
				23DDD63921F815DA0029FC40 /* Base */,
			);
			name = LaunchScreen.storyboard;
			sourceTree = "<group>";
		};
/* End PBXVariantGroup section */

/* Begin XCBuildConfiguration section */
		23DDD63C21F815DA0029FC40 /* Debug */ = {
			isa = XCBuildConfiguration;
			buildSettings = {
				ALWAYS_SEARCH_USER_PATHS = NO;
				CLANG_ANALYZER_NONNULL = YES;
				CLANG_ANALYZER_NUMBER_OBJECT_CONVERSION = YES_AGGRESSIVE;
				CLANG_CXX_LANGUAGE_STANDARD = "gnu++14";
				CLANG_CXX_LIBRARY = "libc++";
				CLANG_ENABLE_MODULES = YES;
				CLANG_ENABLE_OBJC_ARC = YES;
				CLANG_ENABLE_OBJC_WEAK = YES;
				CLANG_WARN_BLOCK_CAPTURE_AUTORELEASING = YES;
				CLANG_WARN_BOOL_CONVERSION = YES;
				CLANG_WARN_COMMA = YES;
				CLANG_WARN_CONSTANT_CONVERSION = YES;
				CLANG_WARN_DEPRECATED_OBJC_IMPLEMENTATIONS = YES;
				CLANG_WARN_DIRECT_OBJC_ISA_USAGE = YES_ERROR;
				CLANG_WARN_DOCUMENTATION_COMMENTS = YES;
				CLANG_WARN_EMPTY_BODY = YES;
				CLANG_WARN_ENUM_CONVERSION = YES;
				CLANG_WARN_INFINITE_RECURSION = YES;
				CLANG_WARN_INT_CONVERSION = YES;
				CLANG_WARN_NON_LITERAL_NULL_CONVERSION = YES;
				CLANG_WARN_OBJC_IMPLICIT_RETAIN_SELF = YES;
				CLANG_WARN_OBJC_LITERAL_CONVERSION = YES;
				CLANG_WARN_OBJC_ROOT_CLASS = YES_ERROR;
				CLANG_WARN_RANGE_LOOP_ANALYSIS = YES;
				CLANG_WARN_STRICT_PROTOTYPES = YES;
				CLANG_WARN_SUSPICIOUS_MOVE = YES;
				CLANG_WARN_UNGUARDED_AVAILABILITY = YES_AGGRESSIVE;
				CLANG_WARN_UNREACHABLE_CODE = YES;
				CLANG_WARN__DUPLICATE_METHOD_MATCH = YES;
				CODE_SIGN_IDENTITY = "iPhone Developer";
				COPY_PHASE_STRIP = NO;
				DEBUG_INFORMATION_FORMAT = dwarf;
				ENABLE_STRICT_OBJC_MSGSEND = YES;
				ENABLE_TESTABILITY = YES;
				GCC_C_LANGUAGE_STANDARD = gnu11;
				GCC_DYNAMIC_NO_PIC = NO;
				GCC_NO_COMMON_BLOCKS = YES;
				GCC_OPTIMIZATION_LEVEL = 0;
				GCC_PREPROCESSOR_DEFINITIONS = (
					"DEBUG=1",
					"$(inherited)",
				);
				GCC_WARN_64_TO_32_BIT_CONVERSION = YES;
				GCC_WARN_ABOUT_RETURN_TYPE = YES_ERROR;
				GCC_WARN_UNDECLARED_SELECTOR = YES;
				GCC_WARN_UNINITIALIZED_AUTOS = YES_AGGRESSIVE;
				GCC_WARN_UNUSED_FUNCTION = YES;
				GCC_WARN_UNUSED_VARIABLE = YES;
				IPHONEOS_DEPLOYMENT_TARGET = 12.1;
				MTL_ENABLE_DEBUG_INFO = INCLUDE_SOURCE;
				MTL_FAST_MATH = YES;
				ONLY_ACTIVE_ARCH = YES;
				SDKROOT = iphoneos;
				SWIFT_ACTIVE_COMPILATION_CONDITIONS = DEBUG;
				SWIFT_OPTIMIZATION_LEVEL = "-Onone";
			};
			name = Debug;
		};
		23DDD63D21F815DA0029FC40 /* Release */ = {
			isa = XCBuildConfiguration;
			buildSettings = {
				ALWAYS_SEARCH_USER_PATHS = NO;
				CLANG_ANALYZER_NONNULL = YES;
				CLANG_ANALYZER_NUMBER_OBJECT_CONVERSION = YES_AGGRESSIVE;
				CLANG_CXX_LANGUAGE_STANDARD = "gnu++14";
				CLANG_CXX_LIBRARY = "libc++";
				CLANG_ENABLE_MODULES = YES;
				CLANG_ENABLE_OBJC_ARC = YES;
				CLANG_ENABLE_OBJC_WEAK = YES;
				CLANG_WARN_BLOCK_CAPTURE_AUTORELEASING = YES;
				CLANG_WARN_BOOL_CONVERSION = YES;
				CLANG_WARN_COMMA = YES;
				CLANG_WARN_CONSTANT_CONVERSION = YES;
				CLANG_WARN_DEPRECATED_OBJC_IMPLEMENTATIONS = YES;
				CLANG_WARN_DIRECT_OBJC_ISA_USAGE = YES_ERROR;
				CLANG_WARN_DOCUMENTATION_COMMENTS = YES;
				CLANG_WARN_EMPTY_BODY = YES;
				CLANG_WARN_ENUM_CONVERSION = YES;
				CLANG_WARN_INFINITE_RECURSION = YES;
				CLANG_WARN_INT_CONVERSION = YES;
				CLANG_WARN_NON_LITERAL_NULL_CONVERSION = YES;
				CLANG_WARN_OBJC_IMPLICIT_RETAIN_SELF = YES;
				CLANG_WARN_OBJC_LITERAL_CONVERSION = YES;
				CLANG_WARN_OBJC_ROOT_CLASS = YES_ERROR;
				CLANG_WARN_RANGE_LOOP_ANALYSIS = YES;
				CLANG_WARN_STRICT_PROTOTYPES = YES;
				CLANG_WARN_SUSPICIOUS_MOVE = YES;
				CLANG_WARN_UNGUARDED_AVAILABILITY = YES_AGGRESSIVE;
				CLANG_WARN_UNREACHABLE_CODE = YES;
				CLANG_WARN__DUPLICATE_METHOD_MATCH = YES;
				CODE_SIGN_IDENTITY = "iPhone Developer";
				COPY_PHASE_STRIP = NO;
				DEBUG_INFORMATION_FORMAT = "dwarf-with-dsym";
				ENABLE_NS_ASSERTIONS = NO;
				ENABLE_STRICT_OBJC_MSGSEND = YES;
				GCC_C_LANGUAGE_STANDARD = gnu11;
				GCC_NO_COMMON_BLOCKS = YES;
				GCC_WARN_64_TO_32_BIT_CONVERSION = YES;
				GCC_WARN_ABOUT_RETURN_TYPE = YES_ERROR;
				GCC_WARN_UNDECLARED_SELECTOR = YES;
				GCC_WARN_UNINITIALIZED_AUTOS = YES_AGGRESSIVE;
				GCC_WARN_UNUSED_FUNCTION = YES;
				GCC_WARN_UNUSED_VARIABLE = YES;
				IPHONEOS_DEPLOYMENT_TARGET = 12.1;
				MTL_ENABLE_DEBUG_INFO = NO;
				MTL_FAST_MATH = YES;
				SDKROOT = iphoneos;
				SWIFT_COMPILATION_MODE = wholemodule;
				SWIFT_OPTIMIZATION_LEVEL = "-O";
				VALIDATE_PRODUCT = YES;
			};
			name = Release;
		};
		23DDD63F21F815DA0029FC40 /* Debug */ = {
			isa = XCBuildConfiguration;
			buildSettings = {
				ASSETCATALOG_COMPILER_APPICON_NAME = AppIcon;
				CODE_SIGN_STYLE = Automatic;
				DEVELOPMENT_TEAM = JRH8E985QQ;
				INFOPLIST_FILE = CollectionView1/Info.plist;
				LD_RUNPATH_SEARCH_PATHS = (
					"$(inherited)",
					"@executable_path/Frameworks",
				);
				PRODUCT_BUNDLE_IDENTIFIER = me.jake.CollectionView1;
				PRODUCT_NAME = "$(TARGET_NAME)";
				SWIFT_VERSION = 4.2;
				TARGETED_DEVICE_FAMILY = "1,2";
			};
			name = Debug;
		};
		23DDD64021F815DA0029FC40 /* Release */ = {
			isa = XCBuildConfiguration;
			buildSettings = {
				ASSETCATALOG_COMPILER_APPICON_NAME = AppIcon;
				CODE_SIGN_STYLE = Automatic;
				DEVELOPMENT_TEAM = JRH8E985QQ;
				INFOPLIST_FILE = CollectionView1/Info.plist;
				LD_RUNPATH_SEARCH_PATHS = (
					"$(inherited)",
					"@executable_path/Frameworks",
				);
				PRODUCT_BUNDLE_IDENTIFIER = me.jake.CollectionView1;
				PRODUCT_NAME = "$(TARGET_NAME)";
				SWIFT_VERSION = 4.2;
				TARGETED_DEVICE_FAMILY = "1,2";
			};
			name = Release;
		};
/* End XCBuildConfiguration section */

/* Begin XCConfigurationList section */
		23DDD62721F815D90029FC40 /* Build configuration list for PBXProject "CollectionView1" */ = {
			isa = XCConfigurationList;
			buildConfigurations = (
				23DDD63C21F815DA0029FC40 /* Debug */,
				23DDD63D21F815DA0029FC40 /* Release */,
			);
			defaultConfigurationIsVisible = 0;
			defaultConfigurationName = Release;
		};
		23DDD63E21F815DA0029FC40 /* Build configuration list for PBXNativeTarget "CollectionView1" */ = {
			isa = XCConfigurationList;
			buildConfigurations = (
				23DDD63F21F815DA0029FC40 /* Debug */,
				23DDD64021F815DA0029FC40 /* Release */,
			);
			defaultConfigurationIsVisible = 0;
			defaultConfigurationName = Release;
		};
/* End XCConfigurationList section */
	};
	rootObject = 23DDD62421F815D90029FC40 /* Project object */;
}
