// !$*UTF8*$!
{
	archiveVersion = 1;
	classes = {
	};
	objectVersion = 50;
	objects = {

/* Begin PBXBuildFile section */
		234BFDFA21F6B073006D465E /* AppDelegate.swift in Sources */ = {isa = PBXBuildFile; fileRef = 234BFDF921F6B073006D465E /* AppDelegate.swift */; };
		234BFDFF21F6B073006D465E /* Main.storyboard in Resources */ = {isa = PBXBuildFile; fileRef = 234BFDFD21F6B073006D465E /* Main.storyboard */; };
		234BFE0121F6B074006D465E /* Assets.xcassets in Resources */ = {isa = PBXBuildFile; fileRef = 234BFE0021F6B074006D465E /* Assets.xcassets */; };
		234BFE0421F6B074006D465E /* LaunchScreen.storyboard in Resources */ = {isa = PBXBuildFile; fileRef = 234BFE0221F6B074006D465E /* LaunchScreen.storyboard */; };
		23B8D4FD21F6C515005F20D7 /* TabBarViewController.swift in Sources */ = {isa = PBXBuildFile; fileRef = 23B8D4FC21F6C515005F20D7 /* TabBarViewController.swift */; };
/* End PBXBuildFile section */

/* Begin PBXFileReference section */
		234BFDF621F6B073006D465E /* TabTransition3.app */ = {isa = PBXFileReference; explicitFileType = wrapper.application; includeInIndex = 0; path = TabTransition3.app; sourceTree = BUILT_PRODUCTS_DIR; };
		234BFDF921F6B073006D465E /* AppDelegate.swift */ = {isa = PBXFileReference; lastKnownFileType = sourcecode.swift; path = AppDelegate.swift; sourceTree = "<group>"; };
		234BFDFE21F6B073006D465E /* Base */ = {isa = PBXFileReference; lastKnownFileType = file.storyboard; name = Base; path = Base.lproj/Main.storyboard; sourceTree = "<group>"; };
		234BFE0021F6B074006D465E /* Assets.xcassets */ = {isa = PBXFileReference; lastKnownFileType = folder.assetcatalog; path = Assets.xcassets; sourceTree = "<group>"; };
		234BFE0321F6B074006D465E /* Base */ = {isa = PBXFileReference; lastKnownFileType = file.storyboard; name = Base; path = Base.lproj/LaunchScreen.storyboard; sourceTree = "<group>"; };
		234BFE0521F6B074006D465E /* Info.plist */ = {isa = PBXFileReference; lastKnownFileType = text.plist.xml; path = Info.plist; sourceTree = "<group>"; };
		23B8D4FC21F6C515005F20D7 /* TabBarViewController.swift */ = {isa = PBXFileReference; lastKnownFileType = sourcecode.swift; path = TabBarViewController.swift; sourceTree = "<group>"; };
/* End PBXFileReference section */

/* Begin PBXFrameworksBuildPhase section */
		234BFDF321F6B073006D465E /* Frameworks */ = {
			isa = PBXFrameworksBuildPhase;
			buildActionMask = 2147483647;
			files = (
			);
			runOnlyForDeploymentPostprocessing = 0;
		};
/* End PBXFrameworksBuildPhase section */

/* Begin PBXGroup section */
		234BFDED21F6B073006D465E = {
			isa = PBXGroup;
			children = (
				234BFDF821F6B073006D465E /* TabTransition3 */,
				234BFDF721F6B073006D465E /* Products */,
			);
			sourceTree = "<group>";
		};
		234BFDF721F6B073006D465E /* Products */ = {
			isa = PBXGroup;
			children = (
				234BFDF621F6B073006D465E /* TabTransition3.app */,
			);
			name = Products;
			sourceTree = "<group>";
		};
		234BFDF821F6B073006D465E /* TabTransition3 */ = {
			isa = PBXGroup;
			children = (
				234BFE0521F6B074006D465E /* Info.plist */,
				23B8D4FB21F6C4A5005F20D7 /* View */,
				23B8D4F921F6C494005F20D7 /* Controller */,
			);
			path = TabTransition3;
			sourceTree = "<group>";
		};
		23B8D4F921F6C494005F20D7 /* Controller */ = {
			isa = PBXGroup;
			children = (
				234BFDF921F6B073006D465E /* AppDelegate.swift */,
				23B8D4FC21F6C515005F20D7 /* TabBarViewController.swift */,
			);
			path = Controller;
			sourceTree = "<group>";
		};
		23B8D4FB21F6C4A5005F20D7 /* View */ = {
			isa = PBXGroup;
			children = (
				234BFDFD21F6B073006D465E /* Main.storyboard */,
				234BFE0021F6B074006D465E /* Assets.xcassets */,
				234BFE0221F6B074006D465E /* LaunchScreen.storyboard */,
			);
			path = View;
			sourceTree = "<group>";
		};
/* End PBXGroup section */

/* Begin PBXNativeTarget section */
		234BFDF521F6B073006D465E /* TabTransition3 */ = {
			isa = PBXNativeTarget;
			buildConfigurationList = 234BFE0821F6B074006D465E /* Build configuration list for PBXNativeTarget "TabTransition3" */;
			buildPhases = (
				234BFDF221F6B073006D465E /* Sources */,
				234BFDF321F6B073006D465E /* Frameworks */,
				234BFDF421F6B073006D465E /* Resources */,
			);
			buildRules = (
			);
			dependencies = (
			);
			name = TabTransition3;
			productName = TabTransition3;
			productReference = 234BFDF621F6B073006D465E /* TabTransition3.app */;
			productType = "com.apple.product-type.application";
		};
/* End PBXNativeTarget section */

/* Begin PBXProject section */
		234BFDEE21F6B073006D465E /* Project object */ = {
			isa = PBXProject;
			attributes = {
				LastSwiftUpdateCheck = 1010;
				LastUpgradeCheck = 1010;
				ORGANIZATIONNAME = Jake;
				TargetAttributes = {
					234BFDF521F6B073006D465E = {
						CreatedOnToolsVersion = 10.1;
					};
				};
			};
			buildConfigurationList = 234BFDF121F6B073006D465E /* Build configuration list for PBXProject "TabTransition3" */;
			compatibilityVersion = "Xcode 9.3";
			developmentRegion = en;
			hasScannedForEncodings = 0;
			knownRegions = (
				en,
				Base,
			);
			mainGroup = 234BFDED21F6B073006D465E;
			productRefGroup = 234BFDF721F6B073006D465E /* Products */;
			projectDirPath = "";
			projectRoot = "";
			targets = (
				234BFDF521F6B073006D465E /* TabTransition3 */,
			);
		};
/* End PBXProject section */

/* Begin PBXResourcesBuildPhase section */
		234BFDF421F6B073006D465E /* Resources */ = {
			isa = PBXResourcesBuildPhase;
			buildActionMask = 2147483647;
			files = (
				234BFE0421F6B074006D465E /* LaunchScreen.storyboard in Resources */,
				234BFE0121F6B074006D465E /* Assets.xcassets in Resources */,
				234BFDFF21F6B073006D465E /* Main.storyboard in Resources */,
			);
			runOnlyForDeploymentPostprocessing = 0;
		};
/* End PBXResourcesBuildPhase section */

/* Begin PBXSourcesBuildPhase section */
		234BFDF221F6B073006D465E /* Sources */ = {
			isa = PBXSourcesBuildPhase;
			buildActionMask = 2147483647;
			files = (
				23B8D4FD21F6C515005F20D7 /* TabBarViewController.swift in Sources */,
				234BFDFA21F6B073006D465E /* AppDelegate.swift in Sources */,
			);
			runOnlyForDeploymentPostprocessing = 0;
		};
/* End PBXSourcesBuildPhase section */

/* Begin PBXVariantGroup section */
		234BFDFD21F6B073006D465E /* Main.storyboard */ = {
			isa = PBXVariantGroup;
			children = (
				234BFDFE21F6B073006D465E /* Base */,
			);
			name = Main.storyboard;
			sourceTree = "<group>";
		};
		234BFE0221F6B074006D465E /* LaunchScreen.storyboard */ = {
			isa = PBXVariantGroup;
			children = (
				234BFE0321F6B074006D465E /* Base */,
			);
			name = LaunchScreen.storyboard;
			sourceTree = "<group>";
		};
/* End PBXVariantGroup section */

/* Begin XCBuildConfiguration section */
		234BFE0621F6B074006D465E /* Debug */ = {
			isa = XCBuildConfiguration;
			buildSettings = {
				ALWAYS_SEARCH_USER_PATHS = NO;
				CLANG_ANALYZER_NONNULL = YES;
				CLANG_ANALYZER_NUMBER_OBJECT_CONVERSION = YES_AGGRESSIVE;
				CLANG_CXX_LANGUAGE_STANDARD = "gnu++14";
				CLANG_CXX_LIBRARY = "libc++";
				CLANG_ENABLE_MODULES = YES;
				CLANG_ENABLE_OBJC_ARC = YES;
				CLANG_ENABLE_OBJC_WEAK = YES;
				CLANG_WARN_BLOCK_CAPTURE_AUTORELEASING = YES;
				CLANG_WARN_BOOL_CONVERSION = YES;
				CLANG_WARN_COMMA = YES;
				CLANG_WARN_CONSTANT_CONVERSION = YES;
				CLANG_WARN_DEPRECATED_OBJC_IMPLEMENTATIONS = YES;
				CLANG_WARN_DIRECT_OBJC_ISA_USAGE = YES_ERROR;
				CLANG_WARN_DOCUMENTATION_COMMENTS = YES;
				CLANG_WARN_EMPTY_BODY = YES;
				CLANG_WARN_ENUM_CONVERSION = YES;
				CLANG_WARN_INFINITE_RECURSION = YES;
				CLANG_WARN_INT_CONVERSION = YES;
				CLANG_WARN_NON_LITERAL_NULL_CONVERSION = YES;
				CLANG_WARN_OBJC_IMPLICIT_RETAIN_SELF = YES;
				CLANG_WARN_OBJC_LITERAL_CONVERSION = YES;
				CLANG_WARN_OBJC_ROOT_CLASS = YES_ERROR;
				CLANG_WARN_RANGE_LOOP_ANALYSIS = YES;
				CLANG_WARN_STRICT_PROTOTYPES = YES;
				CLANG_WARN_SUSPICIOUS_MOVE = YES;
				CLANG_WARN_UNGUARDED_AVAILABILITY = YES_AGGRESSIVE;
				CLANG_WARN_UNREACHABLE_CODE = YES;
				CLANG_WARN__DUPLICATE_METHOD_MATCH = YES;
				CODE_SIGN_IDENTITY = "iPhone Developer";
				COPY_PHASE_STRIP = NO;
				DEBUG_INFORMATION_FORMAT = dwarf;
				ENABLE_STRICT_OBJC_MSGSEND = YES;
				ENABLE_TESTABILITY = YES;
				GCC_C_LANGUAGE_STANDARD = gnu11;
				GCC_DYNAMIC_NO_PIC = NO;
				GCC_NO_COMMON_BLOCKS = YES;
				GCC_OPTIMIZATION_LEVEL = 0;
				GCC_PREPROCESSOR_DEFINITIONS = (
					"DEBUG=1",
					"$(inherited)",
				);
				GCC_WARN_64_TO_32_BIT_CONVERSION = YES;
				GCC_WARN_ABOUT_RETURN_TYPE = YES_ERROR;
				GCC_WARN_UNDECLARED_SELECTOR = YES;
				GCC_WARN_UNINITIALIZED_AUTOS = YES_AGGRESSIVE;
				GCC_WARN_UNUSED_FUNCTION = YES;
				GCC_WARN_UNUSED_VARIABLE = YES;
				IPHONEOS_DEPLOYMENT_TARGET = 12.0;
				MTL_ENABLE_DEBUG_INFO = INCLUDE_SOURCE;
				MTL_FAST_MATH = YES;
				ONLY_ACTIVE_ARCH = YES;
				SDKROOT = iphoneos;
				SWIFT_ACTIVE_COMPILATION_CONDITIONS = DEBUG;
				SWIFT_OPTIMIZATION_LEVEL = "-Onone";
			};
			name = Debug;
		};
		234BFE0721F6B074006D465E /* Release */ = {
			isa = XCBuildConfiguration;
			buildSettings = {
				ALWAYS_SEARCH_USER_PATHS = NO;
				CLANG_ANALYZER_NONNULL = YES;
				CLANG_ANALYZER_NUMBER_OBJECT_CONVERSION = YES_AGGRESSIVE;
				CLANG_CXX_LANGUAGE_STANDARD = "gnu++14";
				CLANG_CXX_LIBRARY = "libc++";
				CLANG_ENABLE_MODULES = YES;
				CLANG_ENABLE_OBJC_ARC = YES;
				CLANG_ENABLE_OBJC_WEAK = YES;
				CLANG_WARN_BLOCK_CAPTURE_AUTORELEASING = YES;
				CLANG_WARN_BOOL_CONVERSION = YES;
				CLANG_WARN_COMMA = YES;
				CLANG_WARN_CONSTANT_CONVERSION = YES;
				CLANG_WARN_DEPRECATED_OBJC_IMPLEMENTATIONS = YES;
				CLANG_WARN_DIRECT_OBJC_ISA_USAGE = YES_ERROR;
				CLANG_WARN_DOCUMENTATION_COMMENTS = YES;
				CLANG_WARN_EMPTY_BODY = YES;
				CLANG_WARN_ENUM_CONVERSION = YES;
				CLANG_WARN_INFINITE_RECURSION = YES;
				CLANG_WARN_INT_CONVERSION = YES;
				CLANG_WARN_NON_LITERAL_NULL_CONVERSION = YES;
				CLANG_WARN_OBJC_IMPLICIT_RETAIN_SELF = YES;
				CLANG_WARN_OBJC_LITERAL_CONVERSION = YES;
				CLANG_WARN_OBJC_ROOT_CLASS = YES_ERROR;
				CLANG_WARN_RANGE_LOOP_ANALYSIS = YES;
				CLANG_WARN_STRICT_PROTOTYPES = YES;
				CLANG_WARN_SUSPICIOUS_MOVE = YES;
				CLANG_WARN_UNGUARDED_AVAILABILITY = YES_AGGRESSIVE;
				CLANG_WARN_UNREACHABLE_CODE = YES;
				CLANG_WARN__DUPLICATE_METHOD_MATCH = YES;
				CODE_SIGN_IDENTITY = "iPhone Developer";
				COPY_PHASE_STRIP = NO;
				DEBUG_INFORMATION_FORMAT = "dwarf-with-dsym";
				ENABLE_NS_ASSERTIONS = NO;
				ENABLE_STRICT_OBJC_MSGSEND = YES;
				GCC_C_LANGUAGE_STANDARD = gnu11;
				GCC_NO_COMMON_BLOCKS = YES;
				GCC_WARN_64_TO_32_BIT_CONVERSION = YES;
				GCC_WARN_ABOUT_RETURN_TYPE = YES_ERROR;
				GCC_WARN_UNDECLARED_SELECTOR = YES;
				GCC_WARN_UNINITIALIZED_AUTOS = YES_AGGRESSIVE;
				GCC_WARN_UNUSED_FUNCTION = YES;
				GCC_WARN_UNUSED_VARIABLE = YES;
				IPHONEOS_DEPLOYMENT_TARGET = 12.0;
				MTL_ENABLE_DEBUG_INFO = NO;
				MTL_FAST_MATH = YES;
				SDKROOT = iphoneos;
				SWIFT_COMPILATION_MODE = wholemodule;
				SWIFT_OPTIMIZATION_LEVEL = "-O";
				VALIDATE_PRODUCT = YES;
			};
			name = Release;
		};
		234BFE0921F6B074006D465E /* Debug */ = {
			isa = XCBuildConfiguration;
			buildSettings = {
				ASSETCATALOG_COMPILER_APPICON_NAME = AppIcon;
				CODE_SIGN_STYLE = Automatic;
				DEVELOPMENT_TEAM = JRH8E985QQ;
				INFOPLIST_FILE = TabTransition3/Info.plist;
				LD_RUNPATH_SEARCH_PATHS = (
					"$(inherited)",
					"@executable_path/Frameworks",
				);
				PRODUCT_BUNDLE_IDENTIFIER = me.jake.TabTransition3;
				PRODUCT_NAME = "$(TARGET_NAME)";
				SWIFT_VERSION = 4.2;
				TARGETED_DEVICE_FAMILY = "1,2";
			};
			name = Debug;
		};
		234BFE0A21F6B074006D465E /* Release */ = {
			isa = XCBuildConfiguration;
			buildSettings = {
				ASSETCATALOG_COMPILER_APPICON_NAME = AppIcon;
				CODE_SIGN_STYLE = Automatic;
				DEVELOPMENT_TEAM = JRH8E985QQ;
				INFOPLIST_FILE = TabTransition3/Info.plist;
				LD_RUNPATH_SEARCH_PATHS = (
					"$(inherited)",
					"@executable_path/Frameworks",
				);
				PRODUCT_BUNDLE_IDENTIFIER = me.jake.TabTransition3;
				PRODUCT_NAME = "$(TARGET_NAME)";
				SWIFT_VERSION = 4.2;
				TARGETED_DEVICE_FAMILY = "1,2";
			};
			name = Release;
		};
/* End XCBuildConfiguration section */

/* Begin XCConfigurationList section */
		234BFDF121F6B073006D465E /* Build configuration list for PBXProject "TabTransition3" */ = {
			isa = XCConfigurationList;
			buildConfigurations = (
				234BFE0621F6B074006D465E /* Debug */,
				234BFE0721F6B074006D465E /* Release */,
			);
			defaultConfigurationIsVisible = 0;
			defaultConfigurationName = Release;
		};
		234BFE0821F6B074006D465E /* Build configuration list for PBXNativeTarget "TabTransition3" */ = {
			isa = XCConfigurationList;
			buildConfigurations = (
				234BFE0921F6B074006D465E /* Debug */,
				234BFE0A21F6B074006D465E /* Release */,
			);
			defaultConfigurationIsVisible = 0;
			defaultConfigurationName = Release;
		};
/* End XCConfigurationList section */
	};
	rootObject = 234BFDEE21F6B073006D465E /* Project object */;
}
