// !$*UTF8*$!
{
	archiveVersion = 1;
	classes = {
	};
	objectVersion = 50;
	objects = {

/* Begin PBXBuildFile section */
		23D1392821F2CCD500E8BF40 /* AppDelegate.swift in Sources */ = {isa = PBXBuildFile; fileRef = 23D1392721F2CCD500E8BF40 /* AppDelegate.swift */; };
		23D1392A21F2CCD500E8BF40 /* ViewController1.swift in Sources */ = {isa = PBXBuildFile; fileRef = 23D1392921F2CCD500E8BF40 /* ViewController1.swift */; };
		23D1392D21F2CCD500E8BF40 /* Main.storyboard in Resources */ = {isa = PBXBuildFile; fileRef = 23D1392B21F2CCD500E8BF40 /* Main.storyboard */; };
		23D1392F21F2CCD600E8BF40 /* Assets.xcassets in Resources */ = {isa = PBXBuildFile; fileRef = 23D1392E21F2CCD600E8BF40 /* Assets.xcassets */; };
		23D1393221F2CCD600E8BF40 /* LaunchScreen.storyboard in Resources */ = {isa = PBXBuildFile; fileRef = 23D1393021F2CCD600E8BF40 /* LaunchScreen.storyboard */; };
		23D1393C21F2CD3500E8BF40 /* ViewController2.swift in Sources */ = {isa = PBXBuildFile; fileRef = 23D1393B21F2CD3500E8BF40 /* ViewController2.swift */; };
		23D1393E21F2CE2B00E8BF40 /* TransitioningDelegate.swift in Sources */ = {isa = PBXBuildFile; fileRef = 23D1393D21F2CE2B00E8BF40 /* TransitioningDelegate.swift */; };
/* End PBXBuildFile section */

/* Begin PBXFileReference section */
		23D1392421F2CCD500E8BF40 /* Transition2.app */ = {isa = PBXFileReference; explicitFileType = wrapper.application; includeInIndex = 0; path = Transition2.app; sourceTree = BUILT_PRODUCTS_DIR; };
		23D1392721F2CCD500E8BF40 /* AppDelegate.swift */ = {isa = PBXFileReference; lastKnownFileType = sourcecode.swift; path = AppDelegate.swift; sourceTree = "<group>"; };
		23D1392921F2CCD500E8BF40 /* ViewController1.swift */ = {isa = PBXFileReference; lastKnownFileType = sourcecode.swift; path = ViewController1.swift; sourceTree = "<group>"; };
		23D1392C21F2CCD500E8BF40 /* Base */ = {isa = PBXFileReference; lastKnownFileType = file.storyboard; name = Base; path = Base.lproj/Main.storyboard; sourceTree = "<group>"; };
		23D1392E21F2CCD600E8BF40 /* Assets.xcassets */ = {isa = PBXFileReference; lastKnownFileType = folder.assetcatalog; path = Assets.xcassets; sourceTree = "<group>"; };
		23D1393121F2CCD600E8BF40 /* Base */ = {isa = PBXFileReference; lastKnownFileType = file.storyboard; name = Base; path = Base.lproj/LaunchScreen.storyboard; sourceTree = "<group>"; };
		23D1393321F2CCD600E8BF40 /* Info.plist */ = {isa = PBXFileReference; lastKnownFileType = text.plist.xml; path = Info.plist; sourceTree = "<group>"; };
		23D1393B21F2CD3500E8BF40 /* ViewController2.swift */ = {isa = PBXFileReference; lastKnownFileType = sourcecode.swift; path = ViewController2.swift; sourceTree = "<group>"; };
		23D1393D21F2CE2B00E8BF40 /* TransitioningDelegate.swift */ = {isa = PBXFileReference; lastKnownFileType = sourcecode.swift; path = TransitioningDelegate.swift; sourceTree = "<group>"; };
/* End PBXFileReference section */

/* Begin PBXFrameworksBuildPhase section */
		23D1392121F2CCD500E8BF40 /* Frameworks */ = {
			isa = PBXFrameworksBuildPhase;
			buildActionMask = 2147483647;
			files = (
			);
			runOnlyForDeploymentPostprocessing = 0;
		};
/* End PBXFrameworksBuildPhase section */

/* Begin PBXGroup section */
		23D1391B21F2CCD500E8BF40 = {
			isa = PBXGroup;
			children = (
				23D1392621F2CCD500E8BF40 /* Transition2 */,
				23D1392521F2CCD500E8BF40 /* Products */,
			);
			sourceTree = "<group>";
		};
		23D1392521F2CCD500E8BF40 /* Products */ = {
			isa = PBXGroup;
			children = (
				23D1392421F2CCD500E8BF40 /* Transition2.app */,
			);
			name = Products;
			sourceTree = "<group>";
		};
		23D1392621F2CCD500E8BF40 /* Transition2 */ = {
			isa = PBXGroup;
			children = (
				23D1393321F2CCD600E8BF40 /* Info.plist */,
				23D1393921F2CCF400E8BF40 /* View */,
				23D1393A21F2CCFB00E8BF40 /* Controller */,
			);
			path = Transition2;
			sourceTree = "<group>";
		};
		23D1393921F2CCF400E8BF40 /* View */ = {
			isa = PBXGroup;
			children = (
				23D1392B21F2CCD500E8BF40 /* Main.storyboard */,
				23D1392E21F2CCD600E8BF40 /* Assets.xcassets */,
				23D1393021F2CCD600E8BF40 /* LaunchScreen.storyboard */,
			);
			path = View;
			sourceTree = "<group>";
		};
		23D1393A21F2CCFB00E8BF40 /* Controller */ = {
			isa = PBXGroup;
			children = (
				23D1392721F2CCD500E8BF40 /* AppDelegate.swift */,
				23D1392921F2CCD500E8BF40 /* ViewController1.swift */,
				23D1393B21F2CD3500E8BF40 /* ViewController2.swift */,
				23D1393D21F2CE2B00E8BF40 /* TransitioningDelegate.swift */,
			);
			path = Controller;
			sourceTree = "<group>";
		};
/* End PBXGroup section */

/* Begin PBXNativeTarget section */
		23D1392321F2CCD500E8BF40 /* Transition2 */ = {
			isa = PBXNativeTarget;
			buildConfigurationList = 23D1393621F2CCD600E8BF40 /* Build configuration list for PBXNativeTarget "Transition2" */;
			buildPhases = (
				23D1392021F2CCD500E8BF40 /* Sources */,
				23D1392121F2CCD500E8BF40 /* Frameworks */,
				23D1392221F2CCD500E8BF40 /* Resources */,
			);
			buildRules = (
			);
			dependencies = (
			);
			name = Transition2;
			productName = Transition2;
			productReference = 23D1392421F2CCD500E8BF40 /* Transition2.app */;
			productType = "com.apple.product-type.application";
		};
/* End PBXNativeTarget section */

/* Begin PBXProject section */
		23D1391C21F2CCD500E8BF40 /* Project object */ = {
			isa = PBXProject;
			attributes = {
				LastSwiftUpdateCheck = 1010;
				LastUpgradeCheck = 1010;
				ORGANIZATIONNAME = Jake;
				TargetAttributes = {
					23D1392321F2CCD500E8BF40 = {
						CreatedOnToolsVersion = 10.1;
					};
				};
			};
			buildConfigurationList = 23D1391F21F2CCD500E8BF40 /* Build configuration list for PBXProject "Transition2" */;
			compatibilityVersion = "Xcode 9.3";
			developmentRegion = en;
			hasScannedForEncodings = 0;
			knownRegions = (
				en,
				Base,
			);
			mainGroup = 23D1391B21F2CCD500E8BF40;
			productRefGroup = 23D1392521F2CCD500E8BF40 /* Products */;
			projectDirPath = "";
			projectRoot = "";
			targets = (
				23D1392321F2CCD500E8BF40 /* Transition2 */,
			);
		};
/* End PBXProject section */

/* Begin PBXResourcesBuildPhase section */
		23D1392221F2CCD500E8BF40 /* Resources */ = {
			isa = PBXResourcesBuildPhase;
			buildActionMask = 2147483647;
			files = (
				23D1393221F2CCD600E8BF40 /* LaunchScreen.storyboard in Resources */,
				23D1392F21F2CCD600E8BF40 /* Assets.xcassets in Resources */,
				23D1392D21F2CCD500E8BF40 /* Main.storyboard in Resources */,
			);
			runOnlyForDeploymentPostprocessing = 0;
		};
/* End PBXResourcesBuildPhase section */

/* Begin PBXSourcesBuildPhase section */
		23D1392021F2CCD500E8BF40 /* Sources */ = {
			isa = PBXSourcesBuildPhase;
			buildActionMask = 2147483647;
			files = (
				23D1392A21F2CCD500E8BF40 /* ViewController1.swift in Sources */,
				23D1392821F2CCD500E8BF40 /* AppDelegate.swift in Sources */,
				23D1393E21F2CE2B00E8BF40 /* TransitioningDelegate.swift in Sources */,
				23D1393C21F2CD3500E8BF40 /* ViewController2.swift in Sources */,
			);
			runOnlyForDeploymentPostprocessing = 0;
		};
/* End PBXSourcesBuildPhase section */

/* Begin PBXVariantGroup section */
		23D1392B21F2CCD500E8BF40 /* Main.storyboard */ = {
			isa = PBXVariantGroup;
			children = (
				23D1392C21F2CCD500E8BF40 /* Base */,
			);
			name = Main.storyboard;
			sourceTree = "<group>";
		};
		23D1393021F2CCD600E8BF40 /* LaunchScreen.storyboard */ = {
			isa = PBXVariantGroup;
			children = (
				23D1393121F2CCD600E8BF40 /* Base */,
			);
			name = LaunchScreen.storyboard;
			sourceTree = "<group>";
		};
/* End PBXVariantGroup section */

/* Begin XCBuildConfiguration section */
		23D1393421F2CCD600E8BF40 /* Debug */ = {
			isa = XCBuildConfiguration;
			buildSettings = {
				ALWAYS_SEARCH_USER_PATHS = NO;
				CLANG_ANALYZER_NONNULL = YES;
				CLANG_ANALYZER_NUMBER_OBJECT_CONVERSION = YES_AGGRESSIVE;
				CLANG_CXX_LANGUAGE_STANDARD = "gnu++14";
				CLANG_CXX_LIBRARY = "libc++";
				CLANG_ENABLE_MODULES = YES;
				CLANG_ENABLE_OBJC_ARC = YES;
				CLANG_ENABLE_OBJC_WEAK = YES;
				CLANG_WARN_BLOCK_CAPTURE_AUTORELEASING = YES;
				CLANG_WARN_BOOL_CONVERSION = YES;
				CLANG_WARN_COMMA = YES;
				CLANG_WARN_CONSTANT_CONVERSION = YES;
				CLANG_WARN_DEPRECATED_OBJC_IMPLEMENTATIONS = YES;
				CLANG_WARN_DIRECT_OBJC_ISA_USAGE = YES_ERROR;
				CLANG_WARN_DOCUMENTATION_COMMENTS = YES;
				CLANG_WARN_EMPTY_BODY = YES;
				CLANG_WARN_ENUM_CONVERSION = YES;
				CLANG_WARN_INFINITE_RECURSION = YES;
				CLANG_WARN_INT_CONVERSION = YES;
				CLANG_WARN_NON_LITERAL_NULL_CONVERSION = YES;
				CLANG_WARN_OBJC_IMPLICIT_RETAIN_SELF = YES;
				CLANG_WARN_OBJC_LITERAL_CONVERSION = YES;
				CLANG_WARN_OBJC_ROOT_CLASS = YES_ERROR;
				CLANG_WARN_RANGE_LOOP_ANALYSIS = YES;
				CLANG_WARN_STRICT_PROTOTYPES = YES;
				CLANG_WARN_SUSPICIOUS_MOVE = YES;
				CLANG_WARN_UNGUARDED_AVAILABILITY = YES_AGGRESSIVE;
				CLANG_WARN_UNREACHABLE_CODE = YES;
				CLANG_WARN__DUPLICATE_METHOD_MATCH = YES;
				CODE_SIGN_IDENTITY = "iPhone Developer";
				COPY_PHASE_STRIP = NO;
				DEBUG_INFORMATION_FORMAT = dwarf;
				ENABLE_STRICT_OBJC_MSGSEND = YES;
				ENABLE_TESTABILITY = YES;
				GCC_C_LANGUAGE_STANDARD = gnu11;
				GCC_DYNAMIC_NO_PIC = NO;
				GCC_NO_COMMON_BLOCKS = YES;
				GCC_OPTIMIZATION_LEVEL = 0;
				GCC_PREPROCESSOR_DEFINITIONS = (
					"DEBUG=1",
					"$(inherited)",
				);
				GCC_WARN_64_TO_32_BIT_CONVERSION = YES;
				GCC_WARN_ABOUT_RETURN_TYPE = YES_ERROR;
				GCC_WARN_UNDECLARED_SELECTOR = YES;
				GCC_WARN_UNINITIALIZED_AUTOS = YES_AGGRESSIVE;
				GCC_WARN_UNUSED_FUNCTION = YES;
				GCC_WARN_UNUSED_VARIABLE = YES;
				IPHONEOS_DEPLOYMENT_TARGET = 12.0;
				MTL_ENABLE_DEBUG_INFO = INCLUDE_SOURCE;
				MTL_FAST_MATH = YES;
				ONLY_ACTIVE_ARCH = YES;
				SDKROOT = iphoneos;
				SWIFT_ACTIVE_COMPILATION_CONDITIONS = DEBUG;
				SWIFT_OPTIMIZATION_LEVEL = "-Onone";
			};
			name = Debug;
		};
		23D1393521F2CCD600E8BF40 /* Release */ = {
			isa = XCBuildConfiguration;
			buildSettings = {
				ALWAYS_SEARCH_USER_PATHS = NO;
				CLANG_ANALYZER_NONNULL = YES;
				CLANG_ANALYZER_NUMBER_OBJECT_CONVERSION = YES_AGGRESSIVE;
				CLANG_CXX_LANGUAGE_STANDARD = "gnu++14";
				CLANG_CXX_LIBRARY = "libc++";
				CLANG_ENABLE_MODULES = YES;
				CLANG_ENABLE_OBJC_ARC = YES;
				CLANG_ENABLE_OBJC_WEAK = YES;
				CLANG_WARN_BLOCK_CAPTURE_AUTORELEASING = YES;
				CLANG_WARN_BOOL_CONVERSION = YES;
				CLANG_WARN_COMMA = YES;
				CLANG_WARN_CONSTANT_CONVERSION = YES;
				CLANG_WARN_DEPRECATED_OBJC_IMPLEMENTATIONS = YES;
				CLANG_WARN_DIRECT_OBJC_ISA_USAGE = YES_ERROR;
				CLANG_WARN_DOCUMENTATION_COMMENTS = YES;
				CLANG_WARN_EMPTY_BODY = YES;
				CLANG_WARN_ENUM_CONVERSION = YES;
				CLANG_WARN_INFINITE_RECURSION = YES;
				CLANG_WARN_INT_CONVERSION = YES;
				CLANG_WARN_NON_LITERAL_NULL_CONVERSION = YES;
				CLANG_WARN_OBJC_IMPLICIT_RETAIN_SELF = YES;
				CLANG_WARN_OBJC_LITERAL_CONVERSION = YES;
				CLANG_WARN_OBJC_ROOT_CLASS = YES_ERROR;
				CLANG_WARN_RANGE_LOOP_ANALYSIS = YES;
				CLANG_WARN_STRICT_PROTOTYPES = YES;
				CLANG_WARN_SUSPICIOUS_MOVE = YES;
				CLANG_WARN_UNGUARDED_AVAILABILITY = YES_AGGRESSIVE;
				CLANG_WARN_UNREACHABLE_CODE = YES;
				CLANG_WARN__DUPLICATE_METHOD_MATCH = YES;
				CODE_SIGN_IDENTITY = "iPhone Developer";
				COPY_PHASE_STRIP = NO;
				DEBUG_INFORMATION_FORMAT = "dwarf-with-dsym";
				ENABLE_NS_ASSERTIONS = NO;
				ENABLE_STRICT_OBJC_MSGSEND = YES;
				GCC_C_LANGUAGE_STANDARD = gnu11;
				GCC_NO_COMMON_BLOCKS = YES;
				GCC_WARN_64_TO_32_BIT_CONVERSION = YES;
				GCC_WARN_ABOUT_RETURN_TYPE = YES_ERROR;
				GCC_WARN_UNDECLARED_SELECTOR = YES;
				GCC_WARN_UNINITIALIZED_AUTOS = YES_AGGRESSIVE;
				GCC_WARN_UNUSED_FUNCTION = YES;
				GCC_WARN_UNUSED_VARIABLE = YES;
				IPHONEOS_DEPLOYMENT_TARGET = 12.0;
				MTL_ENABLE_DEBUG_INFO = NO;
				MTL_FAST_MATH = YES;
				SDKROOT = iphoneos;
				SWIFT_COMPILATION_MODE = wholemodule;
				SWIFT_OPTIMIZATION_LEVEL = "-O";
				VALIDATE_PRODUCT = YES;
			};
			name = Release;
		};
		23D1393721F2CCD600E8BF40 /* Debug */ = {
			isa = XCBuildConfiguration;
			buildSettings = {
				ASSETCATALOG_COMPILER_APPICON_NAME = AppIcon;
				CODE_SIGN_STYLE = Automatic;
				DEVELOPMENT_TEAM = JRH8E985QQ;
				INFOPLIST_FILE = Transition2/Info.plist;
				LD_RUNPATH_SEARCH_PATHS = (
					"$(inherited)",
					"@executable_path/Frameworks",
				);
				PRODUCT_BUNDLE_IDENTIFIER = me.jake.Transition2;
				PRODUCT_NAME = "$(TARGET_NAME)";
				SWIFT_VERSION = 4.2;
				TARGETED_DEVICE_FAMILY = "1,2";
			};
			name = Debug;
		};
		23D1393821F2CCD600E8BF40 /* Release */ = {
			isa = XCBuildConfiguration;
			buildSettings = {
				ASSETCATALOG_COMPILER_APPICON_NAME = AppIcon;
				CODE_SIGN_STYLE = Automatic;
				DEVELOPMENT_TEAM = JRH8E985QQ;
				INFOPLIST_FILE = Transition2/Info.plist;
				LD_RUNPATH_SEARCH_PATHS = (
					"$(inherited)",
					"@executable_path/Frameworks",
				);
				PRODUCT_BUNDLE_IDENTIFIER = me.jake.Transition2;
				PRODUCT_NAME = "$(TARGET_NAME)";
				SWIFT_VERSION = 4.2;
				TARGETED_DEVICE_FAMILY = "1,2";
			};
			name = Release;
		};
/* End XCBuildConfiguration section */

/* Begin XCConfigurationList section */
		23D1391F21F2CCD500E8BF40 /* Build configuration list for PBXProject "Transition2" */ = {
			isa = XCConfigurationList;
			buildConfigurations = (
				23D1393421F2CCD600E8BF40 /* Debug */,
				23D1393521F2CCD600E8BF40 /* Release */,
			);
			defaultConfigurationIsVisible = 0;
			defaultConfigurationName = Release;
		};
		23D1393621F2CCD600E8BF40 /* Build configuration list for PBXNativeTarget "Transition2" */ = {
			isa = XCConfigurationList;
			buildConfigurations = (
				23D1393721F2CCD600E8BF40 /* Debug */,
				23D1393821F2CCD600E8BF40 /* Release */,
			);
			defaultConfigurationIsVisible = 0;
			defaultConfigurationName = Release;
		};
/* End XCConfigurationList section */
	};
	rootObject = 23D1391C21F2CCD500E8BF40 /* Project object */;
}
